
Microsoft Visual Studio Solution File, Format Version 12.00
# Visual Studio Version 17
VisualStudioVersion = 17.11.35312.102
MinimumVisualStudioVersion = 10.0.40219.1
Project("{FAE04EC0-301F-11D3-BF4B-00C04F79EFBC}") = "r3e-api", "r3e-api.csproj", "{0F0613B6-BC5C-4521-8F68-17A2F02E21ED}"
EndProject
Global
	GlobalSection(SolutionConfigurationPlatforms) = preSolution
		Debug|Any CPU = Debug|Any CPU
		Release|Any CPU = Release|Any CPU
	EndGlobalSection
	GlobalSection(ProjectConfigurationPlatforms) = postSolution
		{0F0613B6-BC5C-4521-8F68-17A2F02E21ED}.Debug|Any CPU.ActiveCfg = Debug|Any CPU
		{0F0613B6-BC5C-4521-8F68-17A2F02E21ED}.Debug|Any CPU.Build.0 = Debug|Any CPU
		{0F0613B6-BC5C-4521-8F68-17A2F02E21ED}.Release|Any CPU.ActiveCfg = Release|Any CPU
		{0F0613B6-BC5C-4521-8F68-17A2F02E21ED}.Release|Any CPU.Build.0 = Release|Any CPU
	EndGlobalSection
	GlobalSection(SolutionProperties) = preSolution
		HideSolutionNode = FALSE
	EndGlobalSection
	GlobalSection(ExtensibilityGlobals) = postSolution
		SolutionGuid = {B531790B-8CE4-4872-80F3-FEEAF2ECA564}
	EndGlobalSection
EndGlobal
